// !$*UTF8*$!
{
	archiveVersion = 1;
	classes = {
	};
	objectVersion = 46;
	objects = {

/* Begin PBXBuildFile section */
		5AAB29ED1F4BE67E00FCF90F /* AppDelegate.swift in Sources */ = {isa = PBXBuildFile; fileRef = 5AAB29EC1F4BE67E00FCF90F /* AppDelegate.swift */; };
		5AAB29EF1F4BE67E00FCF90F /* ViewController.swift in Sources */ = {isa = PBXBuildFile; fileRef = 5AAB29EE1F4BE67E00FCF90F /* ViewController.swift */; };
		5AAB29F21F4BE67E00FCF90F /* Main.storyboard in Resources */ = {isa = PBXBuildFile; fileRef = 5AAB29F01F4BE67E00FCF90F /* Main.storyboard */; };
		5AAB29F41F4BE67E00FCF90F /* Assets.xcassets in Resources */ = {isa = PBXBuildFile; fileRef = 5AAB29F31F4BE67E00FCF90F /* Assets.xcassets */; };
		5AAB29F71F4BE67E00FCF90F /* LaunchScreen.storyboard in Resources */ = {isa = PBXBuildFile; fileRef = 5AAB29F51F4BE67E00FCF90F /* LaunchScreen.storyboard */; };
		5AAB29FF1F4E414D00FCF90F /* CustomCell.swift in Sources */ = {isa = PBXBuildFile; fileRef = 5AAB29FE1F4E414D00FCF90F /* CustomCell.swift */; };
		5AAB2A031F5003EF00FCF90F /* CFNetwork.framework in Frameworks */ = {isa = PBXBuildFile; fileRef = 5AAB2A021F5003EF00FCF90F /* CFNetwork.framework */; };
		5AF3E3931F54CF0200B3243F /* ConnectionCheck.swift in Sources */ = {isa = PBXBuildFile; fileRef = 5AF3E3921F54CF0200B3243F /* ConnectionCheck.swift */; };
/* End PBXBuildFile section */

/* Begin PBXFileReference section */
		5AAB29E91F4BE67E00FCF90F /* RedditClientTest.app */ = {isa = PBXFileReference; explicitFileType = wrapper.application; includeInIndex = 0; path = RedditClientTest.app; sourceTree = BUILT_PRODUCTS_DIR; };
		5AAB29EC1F4BE67E00FCF90F /* AppDelegate.swift */ = {isa = PBXFileReference; lastKnownFileType = sourcecode.swift; path = AppDelegate.swift; sourceTree = "<group>"; };
		5AAB29EE1F4BE67E00FCF90F /* ViewController.swift */ = {isa = PBXFileReference; lastKnownFileType = sourcecode.swift; path = ViewController.swift; sourceTree = "<group>"; };
		5AAB29F11F4BE67E00FCF90F /* Base */ = {isa = PBXFileReference; lastKnownFileType = file.storyboard; name = Base; path = Base.lproj/Main.storyboard; sourceTree = "<group>"; };
		5AAB29F31F4BE67E00FCF90F /* Assets.xcassets */ = {isa = PBXFileReference; lastKnownFileType = folder.assetcatalog; path = Assets.xcassets; sourceTree = "<group>"; };
		5AAB29F61F4BE67E00FCF90F /* Base */ = {isa = PBXFileReference; lastKnownFileType = file.storyboard; name = Base; path = Base.lproj/LaunchScreen.storyboard; sourceTree = "<group>"; };
		5AAB29F81F4BE67E00FCF90F /* Info.plist */ = {isa = PBXFileReference; lastKnownFileType = text.plist.xml; path = Info.plist; sourceTree = "<group>"; };
		5AAB29FE1F4E414D00FCF90F /* CustomCell.swift */ = {isa = PBXFileReference; fileEncoding = 4; lastKnownFileType = sourcecode.swift; path = CustomCell.swift; sourceTree = "<group>"; };
		5AAB2A021F5003EF00FCF90F /* CFNetwork.framework */ = {isa = PBXFileReference; lastKnownFileType = wrapper.framework; name = CFNetwork.framework; path = System/Library/Frameworks/CFNetwork.framework; sourceTree = SDKROOT; };
		5AF3E3921F54CF0200B3243F /* ConnectionCheck.swift */ = {isa = PBXFileReference; fileEncoding = 4; lastKnownFileType = sourcecode.swift; path = ConnectionCheck.swift; sourceTree = "<group>"; };
/* End PBXFileReference section */

/* Begin PBXFrameworksBuildPhase section */
		5AAB29E61F4BE67E00FCF90F /* Frameworks */ = {
			isa = PBXFrameworksBuildPhase;
			buildActionMask = 2147483647;
			files = (
				5AAB2A031F5003EF00FCF90F /* CFNetwork.framework in Frameworks */,
			);
			runOnlyForDeploymentPostprocessing = 0;
		};
/* End PBXFrameworksBuildPhase section */

/* Begin PBXGroup section */
		5AAB29E01F4BE67E00FCF90F = {
			isa = PBXGroup;
			children = (
				5AF3E3921F54CF0200B3243F /* ConnectionCheck.swift */,
				5AAB2A021F5003EF00FCF90F /* CFNetwork.framework */,
				5AAB29EB1F4BE67E00FCF90F /* RedditClientTest */,
				5AAB29EA1F4BE67E00FCF90F /* Products */,
			);
			sourceTree = "<group>";
		};
		5AAB29EA1F4BE67E00FCF90F /* Products */ = {
			isa = PBXGroup;
			children = (
				5AAB29E91F4BE67E00FCF90F /* RedditClientTest.app */,
			);
			name = Products;
			sourceTree = "<group>";
		};
		5AAB29EB1F4BE67E00FCF90F /* RedditClientTest */ = {
			isa = PBXGroup;
			children = (
				5AAB29FE1F4E414D00FCF90F /* CustomCell.swift */,
				5AAB29EE1F4BE67E00FCF90F /* ViewController.swift */,
				5AAB29EC1F4BE67E00FCF90F /* AppDelegate.swift */,
				5AAB29F01F4BE67E00FCF90F /* Main.storyboard */,
				5AAB29F51F4BE67E00FCF90F /* LaunchScreen.storyboard */,
				5AAB29F81F4BE67E00FCF90F /* Info.plist */,
				5AAB29F31F4BE67E00FCF90F /* Assets.xcassets */,
			);
			path = RedditClientTest;
			sourceTree = "<group>";
		};
/* End PBXGroup section */

/* Begin PBXNativeTarget section */
		5AAB29E81F4BE67E00FCF90F /* RedditClientTest */ = {
			isa = PBXNativeTarget;
			buildConfigurationList = 5AAB29FB1F4BE67E00FCF90F /* Build configuration list for PBXNativeTarget "RedditClientTest" */;
			buildPhases = (
				5AAB29E51F4BE67E00FCF90F /* Sources */,
				5AAB29E61F4BE67E00FCF90F /* Frameworks */,
				5AAB29E71F4BE67E00FCF90F /* Resources */,
			);
			buildRules = (
			);
			dependencies = (
			);
			name = RedditClientTest;
			productName = RedditClientTest;
			productReference = 5AAB29E91F4BE67E00FCF90F /* RedditClientTest.app */;
			productType = "com.apple.product-type.application";
		};
/* End PBXNativeTarget section */

/* Begin PBXProject section */
		5AAB29E11F4BE67E00FCF90F /* Project object */ = {
			isa = PBXProject;
			attributes = {
				LastSwiftUpdateCheck = 0730;
				LastUpgradeCheck = 0730;
				ORGANIZATIONNAME = RedditClientTest;
				TargetAttributes = {
					5AAB29E81F4BE67E00FCF90F = {
						CreatedOnToolsVersion = 7.3.1;
						LastSwiftMigration = 0830;
					};
				};
			};
			buildConfigurationList = 5AAB29E41F4BE67E00FCF90F /* Build configuration list for PBXProject "RedditClientTest" */;
			compatibilityVersion = "Xcode 3.2";
			developmentRegion = English;
			hasScannedForEncodings = 0;
			knownRegions = (
				en,
				Base,
			);
			mainGroup = 5AAB29E01F4BE67E00FCF90F;
			productRefGroup = 5AAB29EA1F4BE67E00FCF90F /* Products */;
			projectDirPath = "";
			projectRoot = "";
			targets = (
				5AAB29E81F4BE67E00FCF90F /* RedditClientTest */,
			);
		};
/* End PBXProject section */

/* Begin PBXResourcesBuildPhase section */
		5AAB29E71F4BE67E00FCF90F /* Resources */ = {
			isa = PBXResourcesBuildPhase;
			buildActionMask = 2147483647;
			files = (
				5AAB29F71F4BE67E00FCF90F /* LaunchScreen.storyboard in Resources */,
				5AAB29F41F4BE67E00FCF90F /* Assets.xcassets in Resources */,
				5AAB29F21F4BE67E00FCF90F /* Main.storyboard in Resources */,
			);
			runOnlyForDeploymentPostprocessing = 0;
		};
/* End PBXResourcesBuildPhase section */

/* Begin PBXSourcesBuildPhase section */
		5AAB29E51F4BE67E00FCF90F /* Sources */ = {
			isa = PBXSourcesBuildPhase;
			buildActionMask = 2147483647;
			files = (
				5AAB29EF1F4BE67E00FCF90F /* ViewController.swift in Sources */,
				5AAB29FF1F4E414D00FCF90F /* CustomCell.swift in Sources */,
				5AF3E3931F54CF0200B3243F /* ConnectionCheck.swift in Sources */,
				5AAB29ED1F4BE67E00FCF90F /* AppDelegate.swift in Sources */,
			);
			runOnlyForDeploymentPostprocessing = 0;
		};
/* End PBXSourcesBuildPhase section */

/* Begin PBXVariantGroup section */
		5AAB29F01F4BE67E00FCF90F /* Main.storyboard */ = {
			isa = PBXVariantGroup;
			children = (
				5AAB29F11F4BE67E00FCF90F /* Base */,
			);
			name = Main.storyboard;
			sourceTree = "<group>";
		};
		5AAB29F51F4BE67E00FCF90F /* LaunchScreen.storyboard */ = {
			isa = PBXVariantGroup;
			children = (
				5AAB29F61F4BE67E00FCF90F /* Base */,
			);
			name = LaunchScreen.storyboard;
			sourceTree = "<group>";
		};
/* End PBXVariantGroup section */

/* Begin XCBuildConfiguration section */
		5AAB29F91F4BE67E00FCF90F /* Debug */ = {
			isa = XCBuildConfiguration;
			buildSettings = {
				ALWAYS_SEARCH_USER_PATHS = NO;
				CLANG_ANALYZER_NONNULL = YES;
				CLANG_CXX_LANGUAGE_STANDARD = "gnu++0x";
				CLANG_CXX_LIBRARY = "libc++";
				CLANG_ENABLE_MODULES = YES;
				CLANG_ENABLE_OBJC_ARC = YES;
				CLANG_WARN_BOOL_CONVERSION = YES;
				CLANG_WARN_CONSTANT_CONVERSION = YES;
				CLANG_WARN_DIRECT_OBJC_ISA_USAGE = YES_ERROR;
				CLANG_WARN_EMPTY_BODY = YES;
				CLANG_WARN_ENUM_CONVERSION = YES;
				CLANG_WARN_INT_CONVERSION = YES;
				CLANG_WARN_OBJC_ROOT_CLASS = YES_ERROR;
				CLANG_WARN_UNREACHABLE_CODE = YES;
				CLANG_WARN__DUPLICATE_METHOD_MATCH = YES;
				"CODE_SIGN_IDENTITY[sdk=iphoneos*]" = "iPhone Developer";
				COPY_PHASE_STRIP = NO;
				DEBUG_INFORMATION_FORMAT = dwarf;
				ENABLE_STRICT_OBJC_MSGSEND = YES;
				ENABLE_TESTABILITY = YES;
				GCC_C_LANGUAGE_STANDARD = gnu99;
				GCC_DYNAMIC_NO_PIC = NO;
				GCC_NO_COMMON_BLOCKS = YES;
				GCC_OPTIMIZATION_LEVEL = 0;
				GCC_PREPROCESSOR_DEFINITIONS = (
					"DEBUG=1",
					"$(inherited)",
				);
				GCC_WARN_64_TO_32_BIT_CONVERSION = YES;
				GCC_WARN_ABOUT_RETURN_TYPE = YES_ERROR;
				GCC_WARN_UNDECLARED_SELECTOR = YES;
				GCC_WARN_UNINITIALIZED_AUTOS = YES_AGGRESSIVE;
				GCC_WARN_UNUSED_FUNCTION = YES;
				GCC_WARN_UNUSED_VARIABLE = YES;
				IPHONEOS_DEPLOYMENT_TARGET = 9.3;
				MTL_ENABLE_DEBUG_INFO = YES;
				ONLY_ACTIVE_ARCH = YES;
				SDKROOT = iphoneos;
				SWIFT_OPTIMIZATION_LEVEL = "-Onone";
			};
			name = Debug;
		};
		5AAB29FA1F4BE67E00FCF90F /* Release */ = {
			isa = XCBuildConfiguration;
			buildSettings = {
				ALWAYS_SEARCH_USER_PATHS = NO;
				CLANG_ANALYZER_NONNULL = YES;
				CLANG_CXX_LANGUAGE_STANDARD = "gnu++0x";
				CLANG_CXX_LIBRARY = "libc++";
				CLANG_ENABLE_MODULES = YES;
				CLANG_ENABLE_OBJC_ARC = YES;
				CLANG_WARN_BOOL_CONVERSION = YES;
				CLANG_WARN_CONSTANT_CONVERSION = YES;
				CLANG_WARN_DIRECT_OBJC_ISA_USAGE = YES_ERROR;
				CLANG_WARN_EMPTY_BODY = YES;
				CLANG_WARN_ENUM_CONVERSION = YES;
				CLANG_WARN_INT_CONVERSION = YES;
				CLANG_WARN_OBJC_ROOT_CLASS = YES_ERROR;
				CLANG_WARN_UNREACHABLE_CODE = YES;
				CLANG_WARN__DUPLICATE_METHOD_MATCH = YES;
				"CODE_SIGN_IDENTITY[sdk=iphoneos*]" = "iPhone Developer";
				COPY_PHASE_STRIP = NO;
				DEBUG_INFORMATION_FORMAT = "dwarf-with-dsym";
				ENABLE_NS_ASSERTIONS = NO;
				ENABLE_STRICT_OBJC_MSGSEND = YES;
				GCC_C_LANGUAGE_STANDARD = gnu99;
				GCC_NO_COMMON_BLOCKS = YES;
				GCC_WARN_64_TO_32_BIT_CONVERSION = YES;
				GCC_WARN_ABOUT_RETURN_TYPE = YES_ERROR;
				GCC_WARN_UNDECLARED_SELECTOR = YES;
				GCC_WARN_UNINITIALIZED_AUTOS = YES_AGGRESSIVE;
				GCC_WARN_UNUSED_FUNCTION = YES;
				GCC_WARN_UNUSED_VARIABLE = YES;
				IPHONEOS_DEPLOYMENT_TARGET = 9.3;
				MTL_ENABLE_DEBUG_INFO = NO;
				SDKROOT = iphoneos;
				VALIDATE_PRODUCT = YES;
			};
			name = Release;
		};
		5AAB29FC1F4BE67E00FCF90F /* Debug */ = {
			isa = XCBuildConfiguration;
			buildSettings = {
				ASSETCATALOG_COMPILER_APPICON_NAME = AppIcon;
				INFOPLIST_FILE = RedditClientTest/Info.plist;
				LD_RUNPATH_SEARCH_PATHS = "$(inherited) @executable_path/Frameworks";
				PRODUCT_BUNDLE_IDENTIFIER = RedditClientTest.RedditClientTest;
				PRODUCT_NAME = "$(TARGET_NAME)";
				SWIFT_VERSION = 3.0;
			};
			name = Debug;
		};
		5AAB29FD1F4BE67E00FCF90F /* Release */ = {
			isa = XCBuildConfiguration;
			buildSettings = {
				ASSETCATALOG_COMPILER_APPICON_NAME = AppIcon;
				INFOPLIST_FILE = RedditClientTest/Info.plist;
				LD_RUNPATH_SEARCH_PATHS = "$(inherited) @executable_path/Frameworks";
				PRODUCT_BUNDLE_IDENTIFIER = RedditClientTest.RedditClientTest;
				PRODUCT_NAME = "$(TARGET_NAME)";
				SWIFT_VERSION = 3.0;
			};
			name = Release;
		};
/* End XCBuildConfiguration section */

/* Begin XCConfigurationList section */
		5AAB29E41F4BE67E00FCF90F /* Build configuration list for PBXProject "RedditClientTest" */ = {
			isa = XCConfigurationList;
			buildConfigurations = (
				5AAB29F91F4BE67E00FCF90F /* Debug */,
				5AAB29FA1F4BE67E00FCF90F /* Release */,
			);
			defaultConfigurationIsVisible = 0;
			defaultConfigurationName = Release;
		};
		5AAB29FB1F4BE67E00FCF90F /* Build configuration list for PBXNativeTarget "RedditClientTest" */ = {
			isa = XCConfigurationList;
			buildConfigurations = (
				5AAB29FC1F4BE67E00FCF90F /* Debug */,
				5AAB29FD1F4BE67E00FCF90F /* Release */,
			);
			defaultConfigurationIsVisible = 0;
			defaultConfigurationName = Release;
		};
/* End XCConfigurationList section */
	};
	rootObject = 5AAB29E11F4BE67E00FCF90F /* Project object */;
}
